lockfileVersion: 5.4

specifiers:
  '@types/lodash-es': ^4.17.6
  '@types/three': ^0.146.0
  lodash-es: ^4.17.21
  three: ^0.146.0
  typescript: ^4.8.4

dependencies:
  lodash-es: registry.npmmirror.com/lodash-es/4.17.21
  three: registry.npmmirror.com/three/0.146.0

devDependencies:
  '@types/lodash-es': registry.npmmirror.com/@types/lodash-es/4.17.6
  '@types/three': registry.npmmirror.com/@types/three/0.146.0
  typescript: registry.npmmirror.com/typescript/4.8.4

packages:

  registry.npmmirror.com/@types/lodash-es/4.17.6:
    resolution: {integrity: sha512-R+zTeVUKDdfoRxpAryaQNRKk3105Rrgx2CFRClIgRGaqDTdjsm8h6IYA8ir584W3ePzkZfst5xIgDwYrlh9HLg==, registry: https://registry.npm.taobao.org/, tarball: https://registry.npmmirror.com/@types/lodash-es/-/lodash-es-4.17.6.tgz}
    name: '@types/lodash-es'
    version: 4.17.6
    dependencies:
      '@types/lodash': registry.npmmirror.com/@types/lodash/4.14.188
    dev: true

  registry.npmmirror.com/@types/lodash/4.14.188:
    resolution: {integrity: sha512-zmEmF5OIM3rb7SbLCFYoQhO4dGt2FRM9AMkxvA3LaADOF1n8in/zGJlWji9fmafLoNyz+FoL6FE0SLtGIArD7w==, registry: https://registry.npm.taobao.org/, tarball: https://registry.npmmirror.com/@types/lodash/-/lodash-4.14.188.tgz}
    name: '@types/lodash'
    version: 4.14.188
    dev: true

  registry.npmmirror.com/@types/three/0.146.0:
    resolution: {integrity: sha512-75AgysUrIvTCB054eQa2pDVFurfeFW8CrMQjpzjt3yHBfuuknoSvvsESd/3EhQxPrz9si3+P0wiDUVsWUlljfA==, registry: https://registry.npm.taobao.org/, tarball: https://registry.npmmirror.com/@types/three/-/three-0.146.0.tgz}
    name: '@types/three'
    version: 0.146.0
    dependencies:
      '@types/webxr': registry.npmmirror.com/@types/webxr/0.5.0
    dev: true

  registry.npmmirror.com/@types/webxr/0.5.0:
    resolution: {integrity: sha512-IUMDPSXnYIbEO2IereEFcgcqfDREOgmbGqtrMpVPpACTU6pltYLwHgVkrnYv0XhWEcjio9sYEfIEzgn3c7nDqA==, registry: https://registry.npm.taobao.org/, tarball: https://registry.npmmirror.com/@types/webxr/-/webxr-0.5.0.tgz}
    name: '@types/webxr'
    version: 0.5.0
    dev: true

  registry.npmmirror.com/lodash-es/4.17.21:
    resolution: {integrity: sha512-mKnC+QJ9pWVzv+C4/U3rRsHapFfHvQFoFB92e52xeyGMcX6/OlIl78je1u8vePzYZSkkogMPJ2yjxxsb89cxyw==, registry: https://registry.npm.taobao.org/, tarball: https://registry.npmmirror.com/lodash-es/-/lodash-es-4.17.21.tgz}
    name: lodash-es
    version: 4.17.21
    dev: false

  registry.npmmirror.com/three/0.146.0:
    resolution: {integrity: sha512-1lvNfLezN6OJ9NaFAhfX4sm5e9YCzHtaRgZ1+B4C+Hv6TibRMsuBAM5/wVKzxjpYIlMymvgsHEFrrigEfXnb2A==, registry: https://registry.npm.taobao.org/, tarball: https://registry.npmmirror.com/three/-/three-0.146.0.tgz}
    name: three
    version: 0.146.0
    dev: false

  registry.npmmirror.com/typescript/4.8.4:
    resolution: {integrity: sha512-QCh+85mCy+h0IGff8r5XWzOVSbBO+KfeYrMQh7NJ58QujwcE22u+NUSmUxqF+un70P9GXKxa2HCNiTTMJknyjQ==, registry: https://registry.npm.taobao.org/, tarball: https://registry.npmmirror.com/typescript/-/typescript-4.8.4.tgz}
    name: typescript
    version: 4.8.4
    engines: {node: '>=4.2.0'}
    hasBin: true
    dev: true
